
Microsoft Visual Studio Solution File, Format Version 12.00
# Visual Studio Version 16
VisualStudioVersion = 16.0.31727.386
MinimumVisualStudioVersion = 10.0.40219.1
Project("{9A19103F-16F7-4668-BE54-9A1E7A4F7556}") = "CS2ASM", "CS2ASM\CS2ASM.csproj", "{2FF4289D-F3BC-4A23-B386-ED82EC5177F7}"
EndProject
Project("{9A19103F-16F7-4668-BE54-9A1E7A4F7556}") = "ConsoleApp1", "Playground\ConsoleApp1\ConsoleApp1.csproj", "{8C8E73CB-A000-41C2-9DE4-961020EB4280}"
EndProject
Project("{D954291E-2A0B-460D-934E-DC6B0785DB48}") = "System.Private.Corlib", "System.Private.Corlib\System.Private.Corlib.shproj", "{3B64FCA0-062D-4CA3-99A0-AD8CA8A49C80}"
EndProject
Project("{D954291E-2A0B-460D-934E-DC6B0785DB48}") = "System.Platform.Amd64", "System.Platform.Amd64\System.Platform.Amd64.shproj", "{0770BA2B-9AB3-4F3B-82A7-5C28F8BE0D6D}"
EndProject
Global
	GlobalSection(SharedMSBuildProjectFiles) = preSolution
		System.Platform.Amd64\System.Platform.Amd64.projitems*{0770ba2b-9ab3-4f3b-82a7-5c28f8be0d6d}*SharedItemsImports = 13
		System.Private.Corlib\Corlib.projitems*{3b64fca0-062d-4ca3-99a0-ad8ca8a49c80}*SharedItemsImports = 13
		System.Platform.Amd64\System.Platform.Amd64.projitems*{8c8e73cb-a000-41c2-9de4-961020eb4280}*SharedItemsImports = 5
		System.Private.Corlib\Corlib.projitems*{8c8e73cb-a000-41c2-9de4-961020eb4280}*SharedItemsImports = 5
	EndGlobalSection
	GlobalSection(SolutionConfigurationPlatforms) = preSolution
		Debug|Any CPU = Debug|Any CPU
		Debug|x64 = Debug|x64
		Debug|x86 = Debug|x86
		Release|Any CPU = Release|Any CPU
		Release|x64 = Release|x64
		Release|x86 = Release|x86
	EndGlobalSection
	GlobalSection(ProjectConfigurationPlatforms) = postSolution
		{2FF4289D-F3BC-4A23-B386-ED82EC5177F7}.Debug|Any CPU.ActiveCfg = Debug|Any CPU
		{2FF4289D-F3BC-4A23-B386-ED82EC5177F7}.Debug|Any CPU.Build.0 = Debug|Any CPU
		{2FF4289D-F3BC-4A23-B386-ED82EC5177F7}.Debug|x64.ActiveCfg = Debug|Any CPU
		{2FF4289D-F3BC-4A23-B386-ED82EC5177F7}.Debug|x64.Build.0 = Debug|Any CPU
		{2FF4289D-F3BC-4A23-B386-ED82EC5177F7}.Debug|x86.ActiveCfg = Debug|Any CPU
		{2FF4289D-F3BC-4A23-B386-ED82EC5177F7}.Debug|x86.Build.0 = Debug|Any CPU
		{2FF4289D-F3BC-4A23-B386-ED82EC5177F7}.Release|Any CPU.ActiveCfg = Release|Any CPU
		{2FF4289D-F3BC-4A23-B386-ED82EC5177F7}.Release|Any CPU.Build.0 = Release|Any CPU
		{2FF4289D-F3BC-4A23-B386-ED82EC5177F7}.Release|x64.ActiveCfg = Release|Any CPU
		{2FF4289D-F3BC-4A23-B386-ED82EC5177F7}.Release|x64.Build.0 = Release|Any CPU
		{2FF4289D-F3BC-4A23-B386-ED82EC5177F7}.Release|x86.ActiveCfg = Release|Any CPU
		{2FF4289D-F3BC-4A23-B386-ED82EC5177F7}.Release|x86.Build.0 = Release|Any CPU
		{8C8E73CB-A000-41C2-9DE4-961020EB4280}.Debug|Any CPU.ActiveCfg = Debug|Any CPU
		{8C8E73CB-A000-41C2-9DE4-961020EB4280}.Debug|Any CPU.Build.0 = Debug|Any CPU
		{8C8E73CB-A000-41C2-9DE4-961020EB4280}.Debug|x64.ActiveCfg = Debug|Any CPU
		{8C8E73CB-A000-41C2-9DE4-961020EB4280}.Debug|x64.Build.0 = Debug|Any CPU
		{8C8E73CB-A000-41C2-9DE4-961020EB4280}.Debug|x86.ActiveCfg = Debug|Any CPU
		{8C8E73CB-A000-41C2-9DE4-961020EB4280}.Debug|x86.Build.0 = Debug|Any CPU
		{8C8E73CB-A000-41C2-9DE4-961020EB4280}.Release|Any CPU.ActiveCfg = Release|Any CPU
		{8C8E73CB-A000-41C2-9DE4-961020EB4280}.Release|Any CPU.Build.0 = Release|Any CPU
		{8C8E73CB-A000-41C2-9DE4-961020EB4280}.Release|x64.ActiveCfg = Release|Any CPU
		{8C8E73CB-A000-41C2-9DE4-961020EB4280}.Release|x64.Build.0 = Release|Any CPU
		{8C8E73CB-A000-41C2-9DE4-961020EB4280}.Release|x86.ActiveCfg = Release|Any CPU
		{8C8E73CB-A000-41C2-9DE4-961020EB4280}.Release|x86.Build.0 = Release|Any CPU
	EndGlobalSection
	GlobalSection(SolutionProperties) = preSolution
		HideSolutionNode = FALSE
	EndGlobalSection
	GlobalSection(ExtensibilityGlobals) = postSolution
		SolutionGuid = {7D83A13F-7A53-402E-B882-D0F32F01CEF9}
	EndGlobalSection
EndGlobal
