
Microsoft Visual Studio Solution File, Format Version 12.00
# Visual Studio Version 17
VisualStudioVersion = 17.0.31912.275
MinimumVisualStudioVersion = 10.0.40219.1
Project("{9A19103F-16F7-4668-BE54-9A1E7A4F7556}") = "IL2ASM", "IL2ASM\IL2ASM.csproj", "{2FF4289D-F3BC-4A23-B386-ED82EC5177F7}"
EndProject
Project("{9A19103F-16F7-4668-BE54-9A1E7A4F7556}") = "ConsoleApp1", "ConsoleApp1\ConsoleApp1.csproj", "{45BBC445-0CD6-41D5-91BB-F25CABF09D40}"
EndProject
Global
	GlobalSection(SolutionConfigurationPlatforms) = preSolution
		Debug|Any CPU = Debug|Any CPU
		Release|Any CPU = Release|Any CPU
	EndGlobalSection
	GlobalSection(ProjectConfigurationPlatforms) = postSolution
		{2FF4289D-F3BC-4A23-B386-ED82EC5177F7}.Debug|Any CPU.ActiveCfg = Debug|Any CPU
		{2FF4289D-F3BC-4A23-B386-ED82EC5177F7}.Debug|Any CPU.Build.0 = Debug|Any CPU
		{2FF4289D-F3BC-4A23-B386-ED82EC5177F7}.Release|Any CPU.ActiveCfg = Release|Any CPU
		{2FF4289D-F3BC-4A23-B386-ED82EC5177F7}.Release|Any CPU.Build.0 = Release|Any CPU
		{45BBC445-0CD6-41D5-91BB-F25CABF09D40}.Debug|Any CPU.ActiveCfg = Debug|Any CPU
		{45BBC445-0CD6-41D5-91BB-F25CABF09D40}.Debug|Any CPU.Build.0 = Debug|Any CPU
		{45BBC445-0CD6-41D5-91BB-F25CABF09D40}.Release|Any CPU.ActiveCfg = Release|Any CPU
		{45BBC445-0CD6-41D5-91BB-F25CABF09D40}.Release|Any CPU.Build.0 = Release|Any CPU
	EndGlobalSection
	GlobalSection(SolutionProperties) = preSolution
		HideSolutionNode = FALSE
	EndGlobalSection
	GlobalSection(ExtensibilityGlobals) = postSolution
		SolutionGuid = {7D83A13F-7A53-402E-B882-D0F32F01CEF9}
	EndGlobalSection
EndGlobal
